{
  "name": "@mjtdev/input",
  "version": "1.0.4",
  "lockfileVersion": 2,
  "requires": true,
  "packages": {
    "": {
      "name": "@mjtdev/input",
      "version": "1.0.4",
      "license": "ISC",
      "devDependencies": {
        "typescript": "^4.8.4"
      },
      "peerDependencies": {
        "@mjtdev/animate": "git+ssh://ubuntu@home-0.local:/tank/enc/repo/MJT/mjtdev-animate",
        "@mjtdev/object": "git+ssh://ubuntu@home-0.local:/tank/enc/repo/MJT/mjtdev-object"
      }
    },
    "node_modules/@mjtdev/animate": {
      "version": "1.0.0",
      "resolved": "git+ssh://ubuntu@home-0.local:/tank/enc/repo/MJT/mjtdev-animate#f254b49116ddae3422a61e82c0826af717b2862b",
      "hasInstallScript": true,
      "license": "ISC",
      "peer": true,
      "dependencies": {
        "@mjtdev/object": "git+ssh://ubuntu@home-0.local:/tank/enc/repo/MJT/mjtdev-object"
      }
    },
    "node_modules/@mjtdev/object": {
      "version": "1.1.9",
      "resolved": "git+ssh://ubuntu@home-0.local:/tank/enc/repo/MJT/mjtdev-object#f5fb19a92d8224e6b7f986dab53e7d8b02683578",
      "license": "UNLICENSED",
      "peer": true
    },
    "node_modules/typescript": {
      "version": "4.8.4",
      "resolved": "https://registry.npmjs.org/typescript/-/typescript-4.8.4.tgz",
      "integrity": "sha512-QCh+85mCy+h0IGff8r5XWzOVSbBO+KfeYrMQh7NJ58QujwcE22u+NUSmUxqF+un70P9GXKxa2HCNiTTMJknyjQ==",
      "dev": true,
      "bin": {
        "tsc": "bin/tsc",
        "tsserver": "bin/tsserver"
      },
      "engines": {
        "node": ">=4.2.0"
      }
    }
  },
  "dependencies": {
    "@mjtdev/animate": {
      "version": "git+ssh://ubuntu@home-0.local:/tank/enc/repo/MJT/mjtdev-animate#f254b49116ddae3422a61e82c0826af717b2862b",
      "from": "@mjtdev/animate@git+ssh://ubuntu@home-0.local:/tank/enc/repo/MJT/mjtdev-animate",
      "peer": true,
      "requires": {
        "@mjtdev/object": "git+ssh://ubuntu@home-0.local:/tank/enc/repo/MJT/mjtdev-object"
      }
    },
    "@mjtdev/object": {
      "version": "git+ssh://ubuntu@home-0.local:/tank/enc/repo/MJT/mjtdev-object#f5fb19a92d8224e6b7f986dab53e7d8b02683578",
      "from": "@mjtdev/object@git+ssh://ubuntu@home-0.local:/tank/enc/repo/MJT/mjtdev-object",
      "peer": true
    },
    "typescript": {
      "version": "4.8.4",
      "resolved": "https://registry.npmjs.org/typescript/-/typescript-4.8.4.tgz",
      "integrity": "sha512-QCh+85mCy+h0IGff8r5XWzOVSbBO+KfeYrMQh7NJ58QujwcE22u+NUSmUxqF+un70P9GXKxa2HCNiTTMJknyjQ==",
      "dev": true
    }
  }
}
