{
  "name": "@mjtdev/cache",
  "version": "1.0.1",
  "lockfileVersion": 2,
  "requires": true,
  "packages": {
    "": {
      "name": "@mjtdev/cache",
      "version": "1.0.1",
      "license": "ISC",
      "dependencies": {
        "@mjtdev/object": "git+ssh://ubuntu@home-0.local:/tank/enc/repo/MJT/mjtdev-object",
        "@mjtdev/stat": "git+ssh://ubuntu@home-0.local:/tank/enc/repo/MJT/mjtdev-stat"
      },
      "devDependencies": {
        "typescript": "^4.3.4"
      }
    },
    "../../../mjtdev-object": {
      "version": "1.0.0",
      "extraneous": true,
      "license": "ISC",
      "devDependencies": {
        "typescript": "^4.4.3"
      }
    },
    "../../../mjtdev-stat": {
      "name": "@mjtdev/stat",
      "version": "1.0.1",
      "extraneous": true,
      "license": "ISC",
      "dependencies": {
        "@mjtdev/animate": "file:../mjtdev-animate",
        "@mjtdev/assert": "file:../mjtdev-assert",
        "@mjtdev/html": "file:../mjtdev-html",
        "@mjtdev/object": "file:../mjtdev-object",
        "stacktrace-parser": "^0.1.10"
      },
      "devDependencies": {
        "typescript": "^4.3.4"
      }
    },
    "node_modules/@mjtdev/animate": {
      "version": "1.0.0",
      "resolved": "git+ssh://ubuntu@home-0.local:/tank/enc/repo/MJT/mjtdev-animate#42a1d1e7489d20c3a245a08ff88b309813766979",
      "license": "ISC"
    },
    "node_modules/@mjtdev/assert": {
      "version": "1.0.0",
      "resolved": "git+ssh://ubuntu@home-0.local:/tank/enc/repo/MJT/mjtdev-assert#8274c68da80b91d27e35c7a947543836a9ad4eef",
      "license": "ISC"
    },
    "node_modules/@mjtdev/html": {
      "version": "1.0.0",
      "resolved": "git+ssh://ubuntu@home-0.local:/tank/enc/repo/MJT/mjtdev-html#199f5791299027d6456d17d85a6c148ff9897a76",
      "license": "ISC",
      "dependencies": {
        "csstype": "^3.0.8"
      }
    },
    "node_modules/@mjtdev/object": {
      "version": "1.1.6",
      "resolved": "git+ssh://ubuntu@home-0.local:/tank/enc/repo/MJT/mjtdev-object#df0b9610e01e2811bc7a34a95e8a1ed2cbba3dbe",
      "license": "UNLICENSED"
    },
    "node_modules/@mjtdev/stat": {
      "version": "1.0.2",
      "resolved": "git+ssh://ubuntu@home-0.local:/tank/enc/repo/MJT/mjtdev-stat#6f0e9a21524e388617a6d45f1394ef2f4bb5846f",
      "license": "ISC",
      "dependencies": {
        "@mjtdev/animate": "git+ssh://ubuntu@home-0.local:/tank/enc/repo/MJT/mjtdev-animate",
        "@mjtdev/assert": "git+ssh://ubuntu@home-0.local:/tank/enc/repo/MJT/mjtdev-assert",
        "@mjtdev/html": "git+ssh://ubuntu@home-0.local:/tank/enc/repo/MJT/mjtdev-html",
        "@mjtdev/object": "git+ssh://ubuntu@home-0.local:/tank/enc/repo/MJT/mjtdev-object",
        "stacktrace-parser": "^0.1.10"
      }
    },
    "node_modules/csstype": {
      "version": "3.1.1",
      "resolved": "https://registry.npmjs.org/csstype/-/csstype-3.1.1.tgz",
      "integrity": "sha512-DJR/VvkAvSZW9bTouZue2sSxDwdTN92uHjqeKVm+0dAqdfNykRzQ95tay8aXMBAAPpUiq4Qcug2L7neoRh2Egw=="
    },
    "node_modules/stacktrace-parser": {
      "version": "0.1.10",
      "resolved": "https://registry.npmjs.org/stacktrace-parser/-/stacktrace-parser-0.1.10.tgz",
      "integrity": "sha512-KJP1OCML99+8fhOHxwwzyWrlUuVX5GQ0ZpJTd1DFXhdkrvg1szxfHhawXUZ3g9TkXORQd4/WG68jMlQZ2p8wlg==",
      "dependencies": {
        "type-fest": "^0.7.1"
      },
      "engines": {
        "node": ">=6"
      }
    },
    "node_modules/type-fest": {
      "version": "0.7.1",
      "resolved": "https://registry.npmjs.org/type-fest/-/type-fest-0.7.1.tgz",
      "integrity": "sha512-Ne2YiiGN8bmrmJJEuTWTLJR32nh/JdL1+PSicowtNb0WFpn59GK8/lfD61bVtzguz7b3PBt74nxpv/Pw5po5Rg==",
      "engines": {
        "node": ">=8"
      }
    },
    "node_modules/typescript": {
      "version": "4.4.4",
      "resolved": "https://registry.npmjs.org/typescript/-/typescript-4.4.4.tgz",
      "integrity": "sha512-DqGhF5IKoBl8WNf8C1gu8q0xZSInh9j1kJJMqT3a94w1JzVaBU4EXOSMrz9yDqMT0xt3selp83fuFMQ0uzv6qA==",
      "dev": true,
      "bin": {
        "tsc": "bin/tsc",
        "tsserver": "bin/tsserver"
      },
      "engines": {
        "node": ">=4.2.0"
      }
    }
  },
  "dependencies": {
    "@mjtdev/animate": {
      "version": "git+ssh://ubuntu@home-0.local:/tank/enc/repo/MJT/mjtdev-animate#42a1d1e7489d20c3a245a08ff88b309813766979",
      "from": "@mjtdev/animate@git+ssh://ubuntu@home-0.local:/tank/enc/repo/MJT/mjtdev-animate"
    },
    "@mjtdev/assert": {
      "version": "git+ssh://ubuntu@home-0.local:/tank/enc/repo/MJT/mjtdev-assert#8274c68da80b91d27e35c7a947543836a9ad4eef",
      "from": "@mjtdev/assert@git+ssh://ubuntu@home-0.local:/tank/enc/repo/MJT/mjtdev-assert"
    },
    "@mjtdev/html": {
      "version": "git+ssh://ubuntu@home-0.local:/tank/enc/repo/MJT/mjtdev-html#199f5791299027d6456d17d85a6c148ff9897a76",
      "from": "@mjtdev/html@git+ssh://ubuntu@home-0.local:/tank/enc/repo/MJT/mjtdev-html",
      "requires": {
        "csstype": "^3.0.8"
      }
    },
    "@mjtdev/object": {
      "version": "git+ssh://ubuntu@home-0.local:/tank/enc/repo/MJT/mjtdev-object#df0b9610e01e2811bc7a34a95e8a1ed2cbba3dbe",
      "from": "@mjtdev/object@git+ssh://ubuntu@home-0.local:/tank/enc/repo/MJT/mjtdev-object"
    },
    "@mjtdev/stat": {
      "version": "git+ssh://ubuntu@home-0.local:/tank/enc/repo/MJT/mjtdev-stat#6f0e9a21524e388617a6d45f1394ef2f4bb5846f",
      "from": "@mjtdev/stat@git+ssh://ubuntu@home-0.local:/tank/enc/repo/MJT/mjtdev-stat",
      "requires": {
        "@mjtdev/animate": "git+ssh://ubuntu@home-0.local:/tank/enc/repo/MJT/mjtdev-animate",
        "@mjtdev/assert": "git+ssh://ubuntu@home-0.local:/tank/enc/repo/MJT/mjtdev-assert",
        "@mjtdev/html": "git+ssh://ubuntu@home-0.local:/tank/enc/repo/MJT/mjtdev-html",
        "@mjtdev/object": "git+ssh://ubuntu@home-0.local:/tank/enc/repo/MJT/mjtdev-object",
        "stacktrace-parser": "^0.1.10"
      }
    },
    "csstype": {
      "version": "3.1.1",
      "resolved": "https://registry.npmjs.org/csstype/-/csstype-3.1.1.tgz",
      "integrity": "sha512-DJR/VvkAvSZW9bTouZue2sSxDwdTN92uHjqeKVm+0dAqdfNykRzQ95tay8aXMBAAPpUiq4Qcug2L7neoRh2Egw=="
    },
    "stacktrace-parser": {
      "version": "0.1.10",
      "resolved": "https://registry.npmjs.org/stacktrace-parser/-/stacktrace-parser-0.1.10.tgz",
      "integrity": "sha512-KJP1OCML99+8fhOHxwwzyWrlUuVX5GQ0ZpJTd1DFXhdkrvg1szxfHhawXUZ3g9TkXORQd4/WG68jMlQZ2p8wlg==",
      "requires": {
        "type-fest": "^0.7.1"
      }
    },
    "type-fest": {
      "version": "0.7.1",
      "resolved": "https://registry.npmjs.org/type-fest/-/type-fest-0.7.1.tgz",
      "integrity": "sha512-Ne2YiiGN8bmrmJJEuTWTLJR32nh/JdL1+PSicowtNb0WFpn59GK8/lfD61bVtzguz7b3PBt74nxpv/Pw5po5Rg=="
    },
    "typescript": {
      "version": "4.4.4",
      "resolved": "https://registry.npmjs.org/typescript/-/typescript-4.4.4.tgz",
      "integrity": "sha512-DqGhF5IKoBl8WNf8C1gu8q0xZSInh9j1kJJMqT3a94w1JzVaBU4EXOSMrz9yDqMT0xt3selp83fuFMQ0uzv6qA==",
      "dev": true
    }
  }
}
